// !$*UTF8*$!
{
	archiveVersion = 1;
	classes = {
	};
	objectVersion = 46;
	objects = {

/* Begin PBXBuildFile section */
		D906921515F41DC900224E06 /* notes.rtf in Resources */ = {isa = PBXBuildFile; fileRef = D906921415F41DC900224E06 /* notes.rtf */; };
		D906922115F4F81500224E06 /* AudioPlayback.m in Sources */ = {isa = PBXBuildFile; fileRef = D906922015F4F81500224E06 /* AudioPlayback.m */; };
		D906922515F50B6200224E06 /* PlayerViewController.m in Sources */ = {isa = PBXBuildFile; fileRef = D906922415F50B6200224E06 /* PlayerViewController.m */; };
		D906922715F50D5300224E06 /* AVFoundation.framework in Frameworks */ = {isa = PBXBuildFile; fileRef = D906922615F50D5300224E06 /* AVFoundation.framework */; };
		D906924215F52D8C00224E06 /* NSObject+SBJson.m in Sources */ = {isa = PBXBuildFile; fileRef = D906922A15F52D8C00224E06 /* NSObject+SBJson.m */; };
		D906924315F52D8C00224E06 /* SBJsonParser.m in Sources */ = {isa = PBXBuildFile; fileRef = D906922D15F52D8C00224E06 /* SBJsonParser.m */; };
		D906924415F52D8C00224E06 /* SBJsonStreamParser.m in Sources */ = {isa = PBXBuildFile; fileRef = D906922F15F52D8C00224E06 /* SBJsonStreamParser.m */; };
		D906924515F52D8C00224E06 /* SBJsonStreamParserAccumulator.m in Sources */ = {isa = PBXBuildFile; fileRef = D906923115F52D8C00224E06 /* SBJsonStreamParserAccumulator.m */; };
		D906924615F52D8C00224E06 /* SBJsonStreamParserAdapter.m in Sources */ = {isa = PBXBuildFile; fileRef = D906923315F52D8C00224E06 /* SBJsonStreamParserAdapter.m */; };
		D906924715F52D8C00224E06 /* SBJsonStreamParserState.m in Sources */ = {isa = PBXBuildFile; fileRef = D906923515F52D8C00224E06 /* SBJsonStreamParserState.m */; };
		D906924815F52D8C00224E06 /* SBJsonStreamWriter.m in Sources */ = {isa = PBXBuildFile; fileRef = D906923715F52D8C00224E06 /* SBJsonStreamWriter.m */; };
		D906924915F52D8C00224E06 /* SBJsonStreamWriterAccumulator.m in Sources */ = {isa = PBXBuildFile; fileRef = D906923915F52D8C00224E06 /* SBJsonStreamWriterAccumulator.m */; };
		D906924A15F52D8C00224E06 /* SBJsonStreamWriterState.m in Sources */ = {isa = PBXBuildFile; fileRef = D906923B15F52D8C00224E06 /* SBJsonStreamWriterState.m */; };
		D906924B15F52D8C00224E06 /* SBJsonTokeniser.m in Sources */ = {isa = PBXBuildFile; fileRef = D906923D15F52D8C00224E06 /* SBJsonTokeniser.m */; };
		D906924C15F52D8C00224E06 /* SBJsonUTF8Stream.m in Sources */ = {isa = PBXBuildFile; fileRef = D906923F15F52D8C00224E06 /* SBJsonUTF8Stream.m */; };
		D906924D15F52D8C00224E06 /* SBJsonWriter.m in Sources */ = {isa = PBXBuildFile; fileRef = D906924115F52D8C00224E06 /* SBJsonWriter.m */; };
		D906925315F5322D00224E06 /* RemoteSongCollection.m in Sources */ = {isa = PBXBuildFile; fileRef = D906925215F5322D00224E06 /* RemoteSongCollection.m */; };
		D906925615F5379E00224E06 /* StoreViewController.m in Sources */ = {isa = PBXBuildFile; fileRef = D906925515F5379E00224E06 /* StoreViewController.m */; };
		D906925915F5603000224E06 /* StoreCell.m in Sources */ = {isa = PBXBuildFile; fileRef = D906925815F5602F00224E06 /* StoreCell.m */; };
		D906925C15F56DB000224E06 /* Tempo.m in Sources */ = {isa = PBXBuildFile; fileRef = D906925B15F56DAF00224E06 /* Tempo.m */; };
		D932516115F6DFAA0087EFCD /* ASIAuthenticationDialog.m in Sources */ = {isa = PBXBuildFile; fileRef = D932514B15F6DFAA0087EFCD /* ASIAuthenticationDialog.m */; settings = {COMPILER_FLAGS = "-fno-objc-arc"; }; };
		D932516215F6DFAA0087EFCD /* ASIDataCompressor.m in Sources */ = {isa = PBXBuildFile; fileRef = D932514E15F6DFAA0087EFCD /* ASIDataCompressor.m */; settings = {COMPILER_FLAGS = "-fno-objc-arc"; }; };
		D932516315F6DFAA0087EFCD /* ASIDataDecompressor.m in Sources */ = {isa = PBXBuildFile; fileRef = D932515015F6DFAA0087EFCD /* ASIDataDecompressor.m */; settings = {COMPILER_FLAGS = "-fno-objc-arc"; }; };
		D932516415F6DFAA0087EFCD /* ASIDownloadCache.m in Sources */ = {isa = PBXBuildFile; fileRef = D932515215F6DFAA0087EFCD /* ASIDownloadCache.m */; settings = {COMPILER_FLAGS = "-fno-objc-arc"; }; };
		D932516515F6DFAA0087EFCD /* ASIFormDataRequest.m in Sources */ = {isa = PBXBuildFile; fileRef = D932515415F6DFAA0087EFCD /* ASIFormDataRequest.m */; settings = {COMPILER_FLAGS = "-fno-objc-arc"; }; };
		D932516615F6DFAA0087EFCD /* ASIHTTPRequest.m in Sources */ = {isa = PBXBuildFile; fileRef = D932515615F6DFAA0087EFCD /* ASIHTTPRequest.m */; settings = {COMPILER_FLAGS = "-fno-objc-arc"; }; };
		D932516715F6DFAA0087EFCD /* ASIInputStream.m in Sources */ = {isa = PBXBuildFile; fileRef = D932515A15F6DFAA0087EFCD /* ASIInputStream.m */; settings = {COMPILER_FLAGS = "-fno-objc-arc"; }; };
		D932516815F6DFAA0087EFCD /* ASINetworkQueue.m in Sources */ = {isa = PBXBuildFile; fileRef = D932515C15F6DFAA0087EFCD /* ASINetworkQueue.m */; settings = {COMPILER_FLAGS = "-fno-objc-arc"; }; };
		D932516915F6DFAA0087EFCD /* Reachability.m in Sources */ = {isa = PBXBuildFile; fileRef = D932516015F6DFAA0087EFCD /* Reachability.m */; settings = {COMPILER_FLAGS = "-fno-objc-arc"; }; };
		D932516B15F6DFD70087EFCD /* CFNetwork.framework in Frameworks */ = {isa = PBXBuildFile; fileRef = D932516A15F6DFD70087EFCD /* CFNetwork.framework */; };
		D932516D15F6DFE40087EFCD /* SystemConfiguration.framework in Frameworks */ = {isa = PBXBuildFile; fileRef = D932516C15F6DFE40087EFCD /* SystemConfiguration.framework */; };
		D932516F15F6DFED0087EFCD /* MobileCoreServices.framework in Frameworks */ = {isa = PBXBuildFile; fileRef = D932516E15F6DFED0087EFCD /* MobileCoreServices.framework */; };
		D932517115F6E0370087EFCD /* libz.dylib in Frameworks */ = {isa = PBXBuildFile; fileRef = D932517015F6E0370087EFCD /* libz.dylib */; };
		D932517A15F6E43A0087EFCD /* RemoteSong.m in Sources */ = {isa = PBXBuildFile; fileRef = D932517915F6E43A0087EFCD /* RemoteSong.m */; };
		D932517D15F6E9BF0087EFCD /* RemoteTempo.m in Sources */ = {isa = PBXBuildFile; fileRef = D932517C15F6E9BF0087EFCD /* RemoteTempo.m */; };
		D932518015F842A80087EFCD /* SongCell.m in Sources */ = {isa = PBXBuildFile; fileRef = D932517F15F842A80087EFCD /* SongCell.m */; };
		D932518615F964C70087EFCD /* TempoView.xib in Resources */ = {isa = PBXBuildFile; fileRef = D932518515F964C70087EFCD /* TempoView.xib */; };
		D932518915F965970087EFCD /* TempoViewController.m in Sources */ = {isa = PBXBuildFile; fileRef = D932518815F965970087EFCD /* TempoViewController.m */; };
		D948ADE515F3AFA7009D3A15 /* SongsViewController.m in Sources */ = {isa = PBXBuildFile; fileRef = D948ADE415F3AFA7009D3A15 /* SongsViewController.m */; };
		D948ADE915F3B2A9009D3A15 /* Song.m in Sources */ = {isa = PBXBuildFile; fileRef = D948ADE815F3B2A9009D3A15 /* Song.m */; };
		D969394F15E71E74004136ED /* UIKit.framework in Frameworks */ = {isa = PBXBuildFile; fileRef = D969394E15E71E74004136ED /* UIKit.framework */; };
		D969395115E71E74004136ED /* Foundation.framework in Frameworks */ = {isa = PBXBuildFile; fileRef = D969395015E71E74004136ED /* Foundation.framework */; };
		D969395315E71E74004136ED /* CoreGraphics.framework in Frameworks */ = {isa = PBXBuildFile; fileRef = D969395215E71E74004136ED /* CoreGraphics.framework */; };
		D969395915E71E74004136ED /* InfoPlist.strings in Resources */ = {isa = PBXBuildFile; fileRef = D969395715E71E74004136ED /* InfoPlist.strings */; };
		D969395B15E71E74004136ED /* main.m in Sources */ = {isa = PBXBuildFile; fileRef = D969395A15E71E74004136ED /* main.m */; };
		D969395F15E71E74004136ED /* AppDelegate.m in Sources */ = {isa = PBXBuildFile; fileRef = D969395E15E71E74004136ED /* AppDelegate.m */; };
		D969396215E71E74004136ED /* MainStoryboard_iPhone.storyboard in Resources */ = {isa = PBXBuildFile; fileRef = D969396015E71E74004136ED /* MainStoryboard_iPhone.storyboard */; };
		D969397315E71E74004136ED /* SenTestingKit.framework in Frameworks */ = {isa = PBXBuildFile; fileRef = D969397215E71E74004136ED /* SenTestingKit.framework */; };
		D969397415E71E74004136ED /* UIKit.framework in Frameworks */ = {isa = PBXBuildFile; fileRef = D969394E15E71E74004136ED /* UIKit.framework */; };
		D969397515E71E74004136ED /* Foundation.framework in Frameworks */ = {isa = PBXBuildFile; fileRef = D969395015E71E74004136ED /* Foundation.framework */; };
		D969397D15E71E74004136ED /* InfoPlist.strings in Resources */ = {isa = PBXBuildFile; fileRef = D969397B15E71E74004136ED /* InfoPlist.strings */; };
		D969398015E71E74004136ED /* PracticeAppTests.m in Sources */ = {isa = PBXBuildFile; fileRef = D969397F15E71E74004136ED /* PracticeAppTests.m */; };
		D969399015E72BE2004136ED /* beaumont-50.aiff in Resources */ = {isa = PBXBuildFile; fileRef = D969398F15E72BE2004136ED /* beaumont-50.aiff */; };
		D969399215E72BF0004136ED /* beaumont.aiff in Resources */ = {isa = PBXBuildFile; fileRef = D969399115E72BF0004136ED /* beaumont.aiff */; };
		D9CB445B15ED7B0200536A49 /* Song.xcdatamodeld in Sources */ = {isa = PBXBuildFile; fileRef = D9CB445915ED7B0200536A49 /* Song.xcdatamodeld */; };
		D9CB445E15EE58C000536A49 /* CoreData.framework in Frameworks */ = {isa = PBXBuildFile; fileRef = D9CB445D15EE58C000536A49 /* CoreData.framework */; };
/* End PBXBuildFile section */

/* Begin PBXContainerItemProxy section */
		D969397615E71E74004136ED /* PBXContainerItemProxy */ = {
			isa = PBXContainerItemProxy;
			containerPortal = D969394115E71E73004136ED /* Project object */;
			proxyType = 1;
			remoteGlobalIDString = D969394915E71E73004136ED;
			remoteInfo = PracticeApp;
		};
/* End PBXContainerItemProxy section */

/* Begin PBXFileReference section */
		D906921415F41DC900224E06 /* notes.rtf */ = {isa = PBXFileReference; fileEncoding = 4; lastKnownFileType = text.rtf; path = notes.rtf; sourceTree = "<group>"; };
		D906921F15F4F81500224E06 /* AudioPlayback.h */ = {isa = PBXFileReference; fileEncoding = 4; lastKnownFileType = sourcecode.c.h; path = AudioPlayback.h; sourceTree = "<group>"; };
		D906922015F4F81500224E06 /* AudioPlayback.m */ = {isa = PBXFileReference; fileEncoding = 4; lastKnownFileType = sourcecode.c.objc; path = AudioPlayback.m; sourceTree = "<group>"; };
		D906922315F50B6200224E06 /* PlayerViewController.h */ = {isa = PBXFileReference; fileEncoding = 4; lastKnownFileType = sourcecode.c.h; path = PlayerViewController.h; sourceTree = "<group>"; };
		D906922415F50B6200224E06 /* PlayerViewController.m */ = {isa = PBXFileReference; fileEncoding = 4; lastKnownFileType = sourcecode.c.objc; path = PlayerViewController.m; sourceTree = "<group>"; };
		D906922615F50D5300224E06 /* AVFoundation.framework */ = {isa = PBXFileReference; lastKnownFileType = wrapper.framework; name = AVFoundation.framework; path = System/Library/Frameworks/AVFoundation.framework; sourceTree = SDKROOT; };
		D906922915F52D8C00224E06 /* NSObject+SBJson.h */ = {isa = PBXFileReference; fileEncoding = 4; lastKnownFileType = sourcecode.c.h; path = "NSObject+SBJson.h"; sourceTree = "<group>"; };
		D906922A15F52D8C00224E06 /* NSObject+SBJson.m */ = {isa = PBXFileReference; fileEncoding = 4; lastKnownFileType = sourcecode.c.objc; path = "NSObject+SBJson.m"; sourceTree = "<group>"; };
		D906922B15F52D8C00224E06 /* SBJson.h */ = {isa = PBXFileReference; fileEncoding = 4; lastKnownFileType = sourcecode.c.h; path = SBJson.h; sourceTree = "<group>"; };
		D906922C15F52D8C00224E06 /* SBJsonParser.h */ = {isa = PBXFileReference; fileEncoding = 4; lastKnownFileType = sourcecode.c.h; path = SBJsonParser.h; sourceTree = "<group>"; };
		D906922D15F52D8C00224E06 /* SBJsonParser.m */ = {isa = PBXFileReference; fileEncoding = 4; lastKnownFileType = sourcecode.c.objc; path = SBJsonParser.m; sourceTree = "<group>"; };
		D906922E15F52D8C00224E06 /* SBJsonStreamParser.h */ = {isa = PBXFileReference; fileEncoding = 4; lastKnownFileType = sourcecode.c.h; path = SBJsonStreamParser.h; sourceTree = "<group>"; };
		D906922F15F52D8C00224E06 /* SBJsonStreamParser.m */ = {isa = PBXFileReference; fileEncoding = 4; lastKnownFileType = sourcecode.c.objc; path = SBJsonStreamParser.m; sourceTree = "<group>"; };
		D906923015F52D8C00224E06 /* SBJsonStreamParserAccumulator.h */ = {isa = PBXFileReference; fileEncoding = 4; lastKnownFileType = sourcecode.c.h; path = SBJsonStreamParserAccumulator.h; sourceTree = "<group>"; };
		D906923115F52D8C00224E06 /* SBJsonStreamParserAccumulator.m */ = {isa = PBXFileReference; fileEncoding = 4; lastKnownFileType = sourcecode.c.objc; path = SBJsonStreamParserAccumulator.m; sourceTree = "<group>"; };
		D906923215F52D8C00224E06 /* SBJsonStreamParserAdapter.h */ = {isa = PBXFileReference; fileEncoding = 4; lastKnownFileType = sourcecode.c.h; path = SBJsonStreamParserAdapter.h; sourceTree = "<group>"; };
		D906923315F52D8C00224E06 /* SBJsonStreamParserAdapter.m */ = {isa = PBXFileReference; fileEncoding = 4; lastKnownFileType = sourcecode.c.objc; path = SBJsonStreamParserAdapter.m; sourceTree = "<group>"; };
		D906923415F52D8C00224E06 /* SBJsonStreamParserState.h */ = {isa = PBXFileReference; fileEncoding = 4; lastKnownFileType = sourcecode.c.h; path = SBJsonStreamParserState.h; sourceTree = "<group>"; };
		D906923515F52D8C00224E06 /* SBJsonStreamParserState.m */ = {isa = PBXFileReference; fileEncoding = 4; lastKnownFileType = sourcecode.c.objc; path = SBJsonStreamParserState.m; sourceTree = "<group>"; };
		D906923615F52D8C00224E06 /* SBJsonStreamWriter.h */ = {isa = PBXFileReference; fileEncoding = 4; lastKnownFileType = sourcecode.c.h; path = SBJsonStreamWriter.h; sourceTree = "<group>"; };
		D906923715F52D8C00224E06 /* SBJsonStreamWriter.m */ = {isa = PBXFileReference; fileEncoding = 4; lastKnownFileType = sourcecode.c.objc; path = SBJsonStreamWriter.m; sourceTree = "<group>"; };
		D906923815F52D8C00224E06 /* SBJsonStreamWriterAccumulator.h */ = {isa = PBXFileReference; fileEncoding = 4; lastKnownFileType = sourcecode.c.h; path = SBJsonStreamWriterAccumulator.h; sourceTree = "<group>"; };
		D906923915F52D8C00224E06 /* SBJsonStreamWriterAccumulator.m */ = {isa = PBXFileReference; fileEncoding = 4; lastKnownFileType = sourcecode.c.objc; path = SBJsonStreamWriterAccumulator.m; sourceTree = "<group>"; };
		D906923A15F52D8C00224E06 /* SBJsonStreamWriterState.h */ = {isa = PBXFileReference; fileEncoding = 4; lastKnownFileType = sourcecode.c.h; path = SBJsonStreamWriterState.h; sourceTree = "<group>"; };
		D906923B15F52D8C00224E06 /* SBJsonStreamWriterState.m */ = {isa = PBXFileReference; fileEncoding = 4; lastKnownFileType = sourcecode.c.objc; path = SBJsonStreamWriterState.m; sourceTree = "<group>"; };
		D906923C15F52D8C00224E06 /* SBJsonTokeniser.h */ = {isa = PBXFileReference; fileEncoding = 4; lastKnownFileType = sourcecode.c.h; path = SBJsonTokeniser.h; sourceTree = "<group>"; };
		D906923D15F52D8C00224E06 /* SBJsonTokeniser.m */ = {isa = PBXFileReference; fileEncoding = 4; lastKnownFileType = sourcecode.c.objc; path = SBJsonTokeniser.m; sourceTree = "<group>"; };
		D906923E15F52D8C00224E06 /* SBJsonUTF8Stream.h */ = {isa = PBXFileReference; fileEncoding = 4; lastKnownFileType = sourcecode.c.h; path = SBJsonUTF8Stream.h; sourceTree = "<group>"; };
		D906923F15F52D8C00224E06 /* SBJsonUTF8Stream.m */ = {isa = PBXFileReference; fileEncoding = 4; lastKnownFileType = sourcecode.c.objc; path = SBJsonUTF8Stream.m; sourceTree = "<group>"; };
		D906924015F52D8C00224E06 /* SBJsonWriter.h */ = {isa = PBXFileReference; fileEncoding = 4; lastKnownFileType = sourcecode.c.h; path = SBJsonWriter.h; sourceTree = "<group>"; };
		D906924115F52D8C00224E06 /* SBJsonWriter.m */ = {isa = PBXFileReference; fileEncoding = 4; lastKnownFileType = sourcecode.c.objc; path = SBJsonWriter.m; sourceTree = "<group>"; };
		D906925115F5322D00224E06 /* RemoteSongCollection.h */ = {isa = PBXFileReference; fileEncoding = 4; lastKnownFileType = sourcecode.c.h; path = RemoteSongCollection.h; sourceTree = "<group>"; };
		D906925215F5322D00224E06 /* RemoteSongCollection.m */ = {isa = PBXFileReference; fileEncoding = 4; lastKnownFileType = sourcecode.c.objc; path = RemoteSongCollection.m; sourceTree = "<group>"; };
		D906925415F5379E00224E06 /* StoreViewController.h */ = {isa = PBXFileReference; fileEncoding = 4; lastKnownFileType = sourcecode.c.h; path = StoreViewController.h; sourceTree = "<group>"; };
		D906925515F5379E00224E06 /* StoreViewController.m */ = {isa = PBXFileReference; fileEncoding = 4; lastKnownFileType = sourcecode.c.objc; path = StoreViewController.m; sourceTree = "<group>"; };
		D906925715F5602E00224E06 /* StoreCell.h */ = {isa = PBXFileReference; fileEncoding = 4; lastKnownFileType = sourcecode.c.h; path = StoreCell.h; sourceTree = "<group>"; };
		D906925815F5602F00224E06 /* StoreCell.m */ = {isa = PBXFileReference; fileEncoding = 4; lastKnownFileType = sourcecode.c.objc; path = StoreCell.m; sourceTree = "<group>"; };
		D906925A15F56DAF00224E06 /* Tempo.h */ = {isa = PBXFileReference; fileEncoding = 4; lastKnownFileType = sourcecode.c.h; path = Tempo.h; sourceTree = "<group>"; };
		D906925B15F56DAF00224E06 /* Tempo.m */ = {isa = PBXFileReference; fileEncoding = 4; lastKnownFileType = sourcecode.c.objc; path = Tempo.m; sourceTree = "<group>"; };
		D932514A15F6DFAA0087EFCD /* ASIAuthenticationDialog.h */ = {isa = PBXFileReference; fileEncoding = 4; lastKnownFileType = sourcecode.c.h; path = ASIAuthenticationDialog.h; sourceTree = "<group>"; };
		D932514B15F6DFAA0087EFCD /* ASIAuthenticationDialog.m */ = {isa = PBXFileReference; fileEncoding = 4; lastKnownFileType = sourcecode.c.objc; path = ASIAuthenticationDialog.m; sourceTree = "<group>"; };
		D932514C15F6DFAA0087EFCD /* ASICacheDelegate.h */ = {isa = PBXFileReference; fileEncoding = 4; lastKnownFileType = sourcecode.c.h; path = ASICacheDelegate.h; sourceTree = "<group>"; };
		D932514D15F6DFAA0087EFCD /* ASIDataCompressor.h */ = {isa = PBXFileReference; fileEncoding = 4; lastKnownFileType = sourcecode.c.h; path = ASIDataCompressor.h; sourceTree = "<group>"; };
		D932514E15F6DFAA0087EFCD /* ASIDataCompressor.m */ = {isa = PBXFileReference; fileEncoding = 4; lastKnownFileType = sourcecode.c.objc; path = ASIDataCompressor.m; sourceTree = "<group>"; };
		D932514F15F6DFAA0087EFCD /* ASIDataDecompressor.h */ = {isa = PBXFileReference; fileEncoding = 4; lastKnownFileType = sourcecode.c.h; path = ASIDataDecompressor.h; sourceTree = "<group>"; };
		D932515015F6DFAA0087EFCD /* ASIDataDecompressor.m */ = {isa = PBXFileReference; fileEncoding = 4; lastKnownFileType = sourcecode.c.objc; path = ASIDataDecompressor.m; sourceTree = "<group>"; };
		D932515115F6DFAA0087EFCD /* ASIDownloadCache.h */ = {isa = PBXFileReference; fileEncoding = 4; lastKnownFileType = sourcecode.c.h; path = ASIDownloadCache.h; sourceTree = "<group>"; };
		D932515215F6DFAA0087EFCD /* ASIDownloadCache.m */ = {isa = PBXFileReference; fileEncoding = 4; lastKnownFileType = sourcecode.c.objc; path = ASIDownloadCache.m; sourceTree = "<group>"; };
		D932515315F6DFAA0087EFCD /* ASIFormDataRequest.h */ = {isa = PBXFileReference; fileEncoding = 4; lastKnownFileType = sourcecode.c.h; path = ASIFormDataRequest.h; sourceTree = "<group>"; };
		D932515415F6DFAA0087EFCD /* ASIFormDataRequest.m */ = {isa = PBXFileReference; fileEncoding = 4; lastKnownFileType = sourcecode.c.objc; path = ASIFormDataRequest.m; sourceTree = "<group>"; };
		D932515515F6DFAA0087EFCD /* ASIHTTPRequest.h */ = {isa = PBXFileReference; fileEncoding = 4; lastKnownFileType = sourcecode.c.h; path = ASIHTTPRequest.h; sourceTree = "<group>"; };
		D932515615F6DFAA0087EFCD /* ASIHTTPRequest.m */ = {isa = PBXFileReference; fileEncoding = 4; lastKnownFileType = sourcecode.c.objc; path = ASIHTTPRequest.m; sourceTree = "<group>"; };
		D932515715F6DFAA0087EFCD /* ASIHTTPRequestConfig.h */ = {isa = PBXFileReference; fileEncoding = 4; lastKnownFileType = sourcecode.c.h; path = ASIHTTPRequestConfig.h; sourceTree = "<group>"; };
		D932515815F6DFAA0087EFCD /* ASIHTTPRequestDelegate.h */ = {isa = PBXFileReference; fileEncoding = 4; lastKnownFileType = sourcecode.c.h; path = ASIHTTPRequestDelegate.h; sourceTree = "<group>"; };
		D932515915F6DFAA0087EFCD /* ASIInputStream.h */ = {isa = PBXFileReference; fileEncoding = 4; lastKnownFileType = sourcecode.c.h; path = ASIInputStream.h; sourceTree = "<group>"; };
		D932515A15F6DFAA0087EFCD /* ASIInputStream.m */ = {isa = PBXFileReference; fileEncoding = 4; lastKnownFileType = sourcecode.c.objc; path = ASIInputStream.m; sourceTree = "<group>"; };
		D932515B15F6DFAA0087EFCD /* ASINetworkQueue.h */ = {isa = PBXFileReference; fileEncoding = 4; lastKnownFileType = sourcecode.c.h; path = ASINetworkQueue.h; sourceTree = "<group>"; };
		D932515C15F6DFAA0087EFCD /* ASINetworkQueue.m */ = {isa = PBXFileReference; fileEncoding = 4; lastKnownFileType = sourcecode.c.objc; path = ASINetworkQueue.m; sourceTree = "<group>"; };
		D932515D15F6DFAA0087EFCD /* ASIProgressDelegate.h */ = {isa = PBXFileReference; fileEncoding = 4; lastKnownFileType = sourcecode.c.h; path = ASIProgressDelegate.h; sourceTree = "<group>"; };
		D932515F15F6DFAA0087EFCD /* Reachability.h */ = {isa = PBXFileReference; fileEncoding = 4; lastKnownFileType = sourcecode.c.h; path = Reachability.h; sourceTree = "<group>"; };
		D932516015F6DFAA0087EFCD /* Reachability.m */ = {isa = PBXFileReference; fileEncoding = 4; lastKnownFileType = sourcecode.c.objc; path = Reachability.m; sourceTree = "<group>"; };
		D932516A15F6DFD70087EFCD /* CFNetwork.framework */ = {isa = PBXFileReference; lastKnownFileType = wrapper.framework; name = CFNetwork.framework; path = System/Library/Frameworks/CFNetwork.framework; sourceTree = SDKROOT; };
		D932516C15F6DFE40087EFCD /* SystemConfiguration.framework */ = {isa = PBXFileReference; lastKnownFileType = wrapper.framework; name = SystemConfiguration.framework; path = System/Library/Frameworks/SystemConfiguration.framework; sourceTree = SDKROOT; };
		D932516E15F6DFED0087EFCD /* MobileCoreServices.framework */ = {isa = PBXFileReference; lastKnownFileType = wrapper.framework; name = MobileCoreServices.framework; path = System/Library/Frameworks/MobileCoreServices.framework; sourceTree = SDKROOT; };
		D932517015F6E0370087EFCD /* libz.dylib */ = {isa = PBXFileReference; lastKnownFileType = "compiled.mach-o.dylib"; name = libz.dylib; path = usr/lib/libz.dylib; sourceTree = SDKROOT; };
		D932517815F6E43A0087EFCD /* RemoteSong.h */ = {isa = PBXFileReference; fileEncoding = 4; lastKnownFileType = sourcecode.c.h; path = RemoteSong.h; sourceTree = "<group>"; };
		D932517915F6E43A0087EFCD /* RemoteSong.m */ = {isa = PBXFileReference; fileEncoding = 4; lastKnownFileType = sourcecode.c.objc; path = RemoteSong.m; sourceTree = "<group>"; };
		D932517B15F6E9BF0087EFCD /* RemoteTempo.h */ = {isa = PBXFileReference; fileEncoding = 4; lastKnownFileType = sourcecode.c.h; path = RemoteTempo.h; sourceTree = "<group>"; };
		D932517C15F6E9BF0087EFCD /* RemoteTempo.m */ = {isa = PBXFileReference; fileEncoding = 4; lastKnownFileType = sourcecode.c.objc; path = RemoteTempo.m; sourceTree = "<group>"; };
		D932517E15F842A80087EFCD /* SongCell.h */ = {isa = PBXFileReference; fileEncoding = 4; lastKnownFileType = sourcecode.c.h; path = SongCell.h; sourceTree = "<group>"; };
		D932517F15F842A80087EFCD /* SongCell.m */ = {isa = PBXFileReference; fileEncoding = 4; lastKnownFileType = sourcecode.c.objc; path = SongCell.m; sourceTree = "<group>"; };
		D932518515F964C70087EFCD /* TempoView.xib */ = {isa = PBXFileReference; fileEncoding = 4; lastKnownFileType = file.xib; path = TempoView.xib; sourceTree = "<group>"; };
		D932518715F965960087EFCD /* TempoViewController.h */ = {isa = PBXFileReference; fileEncoding = 4; lastKnownFileType = sourcecode.c.h; path = TempoViewController.h; sourceTree = "<group>"; };
		D932518815F965970087EFCD /* TempoViewController.m */ = {isa = PBXFileReference; fileEncoding = 4; lastKnownFileType = sourcecode.c.objc; path = TempoViewController.m; sourceTree = "<group>"; };
		D948ADE315F3AFA7009D3A15 /* SongsViewController.h */ = {isa = PBXFileReference; fileEncoding = 4; lastKnownFileType = sourcecode.c.h; path = SongsViewController.h; sourceTree = "<group>"; };
		D948ADE415F3AFA7009D3A15 /* SongsViewController.m */ = {isa = PBXFileReference; fileEncoding = 4; lastKnownFileType = sourcecode.c.objc; path = SongsViewController.m; sourceTree = "<group>"; };
		D948ADE715F3B2A9009D3A15 /* Song.h */ = {isa = PBXFileReference; fileEncoding = 4; lastKnownFileType = sourcecode.c.h; path = Song.h; sourceTree = "<group>"; };
		D948ADE815F3B2A9009D3A15 /* Song.m */ = {isa = PBXFileReference; fileEncoding = 4; lastKnownFileType = sourcecode.c.objc; path = Song.m; sourceTree = "<group>"; };
		D969394A15E71E74004136ED /* PracticeApp.app */ = {isa = PBXFileReference; explicitFileType = wrapper.application; includeInIndex = 0; path = PracticeApp.app; sourceTree = BUILT_PRODUCTS_DIR; };
		D969394E15E71E74004136ED /* UIKit.framework */ = {isa = PBXFileReference; lastKnownFileType = wrapper.framework; name = UIKit.framework; path = System/Library/Frameworks/UIKit.framework; sourceTree = SDKROOT; };
		D969395015E71E74004136ED /* Foundation.framework */ = {isa = PBXFileReference; lastKnownFileType = wrapper.framework; name = Foundation.framework; path = System/Library/Frameworks/Foundation.framework; sourceTree = SDKROOT; };
		D969395215E71E74004136ED /* CoreGraphics.framework */ = {isa = PBXFileReference; lastKnownFileType = wrapper.framework; name = CoreGraphics.framework; path = System/Library/Frameworks/CoreGraphics.framework; sourceTree = SDKROOT; };
		D969395615E71E74004136ED /* PracticeApp-Info.plist */ = {isa = PBXFileReference; lastKnownFileType = text.plist.xml; path = "PracticeApp-Info.plist"; sourceTree = "<group>"; };
		D969395815E71E74004136ED /* en */ = {isa = PBXFileReference; lastKnownFileType = text.plist.strings; name = en; path = en.lproj/InfoPlist.strings; sourceTree = "<group>"; };
		D969395A15E71E74004136ED /* main.m */ = {isa = PBXFileReference; lastKnownFileType = sourcecode.c.objc; path = main.m; sourceTree = "<group>"; };
		D969395C15E71E74004136ED /* PracticeApp-Prefix.pch */ = {isa = PBXFileReference; lastKnownFileType = sourcecode.c.h; path = "PracticeApp-Prefix.pch"; sourceTree = "<group>"; };
		D969395D15E71E74004136ED /* AppDelegate.h */ = {isa = PBXFileReference; lastKnownFileType = sourcecode.c.h; path = AppDelegate.h; sourceTree = "<group>"; };
		D969395E15E71E74004136ED /* AppDelegate.m */ = {isa = PBXFileReference; lastKnownFileType = sourcecode.c.objc; path = AppDelegate.m; sourceTree = "<group>"; };
		D969396115E71E74004136ED /* en */ = {isa = PBXFileReference; lastKnownFileType = file.storyboard; name = en; path = en.lproj/MainStoryboard_iPhone.storyboard; sourceTree = "<group>"; };
		D969397115E71E74004136ED /* PracticeAppTests.octest */ = {isa = PBXFileReference; explicitFileType = wrapper.cfbundle; includeInIndex = 0; path = PracticeAppTests.octest; sourceTree = BUILT_PRODUCTS_DIR; };
		D969397215E71E74004136ED /* SenTestingKit.framework */ = {isa = PBXFileReference; lastKnownFileType = wrapper.framework; name = SenTestingKit.framework; path = Library/Frameworks/SenTestingKit.framework; sourceTree = DEVELOPER_DIR; };
		D969397A15E71E74004136ED /* PracticeAppTests-Info.plist */ = {isa = PBXFileReference; lastKnownFileType = text.plist.xml; path = "PracticeAppTests-Info.plist"; sourceTree = "<group>"; };
		D969397C15E71E74004136ED /* en */ = {isa = PBXFileReference; lastKnownFileType = text.plist.strings; name = en; path = en.lproj/InfoPlist.strings; sourceTree = "<group>"; };
		D969397E15E71E74004136ED /* PracticeAppTests.h */ = {isa = PBXFileReference; lastKnownFileType = sourcecode.c.h; path = PracticeAppTests.h; sourceTree = "<group>"; };
		D969397F15E71E74004136ED /* PracticeAppTests.m */ = {isa = PBXFileReference; lastKnownFileType = sourcecode.c.objc; path = PracticeAppTests.m; sourceTree = "<group>"; };
		D969398F15E72BE2004136ED /* beaumont-50.aiff */ = {isa = PBXFileReference; lastKnownFileType = audio.aiff; path = "beaumont-50.aiff"; sourceTree = "<group>"; };
		D969399115E72BF0004136ED /* beaumont.aiff */ = {isa = PBXFileReference; lastKnownFileType = audio.aiff; path = beaumont.aiff; sourceTree = "<group>"; };
		D9CB445A15ED7B0200536A49 /* Song.xcdatamodel */ = {isa = PBXFileReference; lastKnownFileType = wrapper.xcdatamodel; path = Song.xcdatamodel; sourceTree = "<group>"; };
		D9CB445D15EE58C000536A49 /* CoreData.framework */ = {isa = PBXFileReference; lastKnownFileType = wrapper.framework; name = CoreData.framework; path = System/Library/Frameworks/CoreData.framework; sourceTree = SDKROOT; };
/* End PBXFileReference section */

/* Begin PBXFrameworksBuildPhase section */
		D969394715E71E73004136ED /* Frameworks */ = {
			isa = PBXFrameworksBuildPhase;
			buildActionMask = 2147483647;
			files = (
				D932517115F6E0370087EFCD /* libz.dylib in Frameworks */,
				D932516F15F6DFED0087EFCD /* MobileCoreServices.framework in Frameworks */,
				D932516D15F6DFE40087EFCD /* SystemConfiguration.framework in Frameworks */,
				D932516B15F6DFD70087EFCD /* CFNetwork.framework in Frameworks */,
				D906922715F50D5300224E06 /* AVFoundation.framework in Frameworks */,
				D9CB445E15EE58C000536A49 /* CoreData.framework in Frameworks */,
				D969394F15E71E74004136ED /* UIKit.framework in Frameworks */,
				D969395115E71E74004136ED /* Foundation.framework in Frameworks */,
				D969395315E71E74004136ED /* CoreGraphics.framework in Frameworks */,
			);
			runOnlyForDeploymentPostprocessing = 0;
		};
		D969396D15E71E74004136ED /* Frameworks */ = {
			isa = PBXFrameworksBuildPhase;
			buildActionMask = 2147483647;
			files = (
				D969397315E71E74004136ED /* SenTestingKit.framework in Frameworks */,
				D969397415E71E74004136ED /* UIKit.framework in Frameworks */,
				D969397515E71E74004136ED /* Foundation.framework in Frameworks */,
			);
			runOnlyForDeploymentPostprocessing = 0;
		};
/* End PBXFrameworksBuildPhase section */

/* Begin PBXGroup section */
		D906922815F52D8C00224E06 /* SBJson */ = {
			isa = PBXGroup;
			children = (
				D906922915F52D8C00224E06 /* NSObject+SBJson.h */,
				D906922A15F52D8C00224E06 /* NSObject+SBJson.m */,
				D906922B15F52D8C00224E06 /* SBJson.h */,
				D906922C15F52D8C00224E06 /* SBJsonParser.h */,
				D906922D15F52D8C00224E06 /* SBJsonParser.m */,
				D906922E15F52D8C00224E06 /* SBJsonStreamParser.h */,
				D906922F15F52D8C00224E06 /* SBJsonStreamParser.m */,
				D906923015F52D8C00224E06 /* SBJsonStreamParserAccumulator.h */,
				D906923115F52D8C00224E06 /* SBJsonStreamParserAccumulator.m */,
				D906923215F52D8C00224E06 /* SBJsonStreamParserAdapter.h */,
				D906923315F52D8C00224E06 /* SBJsonStreamParserAdapter.m */,
				D906923415F52D8C00224E06 /* SBJsonStreamParserState.h */,
				D906923515F52D8C00224E06 /* SBJsonStreamParserState.m */,
				D906923615F52D8C00224E06 /* SBJsonStreamWriter.h */,
				D906923715F52D8C00224E06 /* SBJsonStreamWriter.m */,
				D906923815F52D8C00224E06 /* SBJsonStreamWriterAccumulator.h */,
				D906923915F52D8C00224E06 /* SBJsonStreamWriterAccumulator.m */,
				D906923A15F52D8C00224E06 /* SBJsonStreamWriterState.h */,
				D906923B15F52D8C00224E06 /* SBJsonStreamWriterState.m */,
				D906923C15F52D8C00224E06 /* SBJsonTokeniser.h */,
				D906923D15F52D8C00224E06 /* SBJsonTokeniser.m */,
				D906923E15F52D8C00224E06 /* SBJsonUTF8Stream.h */,
				D906923F15F52D8C00224E06 /* SBJsonUTF8Stream.m */,
				D906924015F52D8C00224E06 /* SBJsonWriter.h */,
				D906924115F52D8C00224E06 /* SBJsonWriter.m */,
			);
			name = SBJson;
			path = Classes;
			sourceTree = "<group>";
		};
		D932514915F6DFAA0087EFCD /* ASIHTTPRequest */ = {
			isa = PBXGroup;
			children = (
				D932514A15F6DFAA0087EFCD /* ASIAuthenticationDialog.h */,
				D932514B15F6DFAA0087EFCD /* ASIAuthenticationDialog.m */,
				D932514C15F6DFAA0087EFCD /* ASICacheDelegate.h */,
				D932514D15F6DFAA0087EFCD /* ASIDataCompressor.h */,
				D932514E15F6DFAA0087EFCD /* ASIDataCompressor.m */,
				D932514F15F6DFAA0087EFCD /* ASIDataDecompressor.h */,
				D932515015F6DFAA0087EFCD /* ASIDataDecompressor.m */,
				D932515115F6DFAA0087EFCD /* ASIDownloadCache.h */,
				D932515215F6DFAA0087EFCD /* ASIDownloadCache.m */,
				D932515315F6DFAA0087EFCD /* ASIFormDataRequest.h */,
				D932515415F6DFAA0087EFCD /* ASIFormDataRequest.m */,
				D932515515F6DFAA0087EFCD /* ASIHTTPRequest.h */,
				D932515615F6DFAA0087EFCD /* ASIHTTPRequest.m */,
				D932515715F6DFAA0087EFCD /* ASIHTTPRequestConfig.h */,
				D932515815F6DFAA0087EFCD /* ASIHTTPRequestDelegate.h */,
				D932515915F6DFAA0087EFCD /* ASIInputStream.h */,
				D932515A15F6DFAA0087EFCD /* ASIInputStream.m */,
				D932515B15F6DFAA0087EFCD /* ASINetworkQueue.h */,
				D932515C15F6DFAA0087EFCD /* ASINetworkQueue.m */,
				D932515D15F6DFAA0087EFCD /* ASIProgressDelegate.h */,
				D932515E15F6DFAA0087EFCD /* Reachability */,
			);
			path = ASIHTTPRequest;
			sourceTree = "<group>";
		};
		D932515E15F6DFAA0087EFCD /* Reachability */ = {
			isa = PBXGroup;
			children = (
				D932515F15F6DFAA0087EFCD /* Reachability.h */,
				D932516015F6DFAA0087EFCD /* Reachability.m */,
			);
			path = Reachability;
			sourceTree = "<group>";
		};
		D932517315F6E1700087EFCD /* Vendor */ = {
			isa = PBXGroup;
			children = (
				D932514915F6DFAA0087EFCD /* ASIHTTPRequest */,
				D906922815F52D8C00224E06 /* SBJson */,
			);
			name = Vendor;
			sourceTree = "<group>";
		};
		D932517415F6E2C20087EFCD /* Models */ = {
			isa = PBXGroup;
			children = (
				D9CB445915ED7B0200536A49 /* Song.xcdatamodeld */,
				D906925A15F56DAF00224E06 /* Tempo.h */,
				D906925B15F56DAF00224E06 /* Tempo.m */,
				D948ADE715F3B2A9009D3A15 /* Song.h */,
				D948ADE815F3B2A9009D3A15 /* Song.m */,
				D906925115F5322D00224E06 /* RemoteSongCollection.h */,
				D906925215F5322D00224E06 /* RemoteSongCollection.m */,
				D932517815F6E43A0087EFCD /* RemoteSong.h */,
				D932517915F6E43A0087EFCD /* RemoteSong.m */,
				D932517B15F6E9BF0087EFCD /* RemoteTempo.h */,
				D932517C15F6E9BF0087EFCD /* RemoteTempo.m */,
			);
			name = Models;
			sourceTree = "<group>";
		};
		D932517515F6E2D00087EFCD /* App */ = {
			isa = PBXGroup;
			children = (
				D932517715F6E3630087EFCD /* Views */,
				D932517615F6E2F70087EFCD /* Controllers */,
				D932517415F6E2C20087EFCD /* Models */,
			);
			name = App;
			sourceTree = "<group>";
		};
		D932517615F6E2F70087EFCD /* Controllers */ = {
			isa = PBXGroup;
			children = (
				D932517E15F842A80087EFCD /* SongCell.h */,
				D932517F15F842A80087EFCD /* SongCell.m */,
				D906925715F5602E00224E06 /* StoreCell.h */,
				D906925815F5602F00224E06 /* StoreCell.m */,
				D906925415F5379E00224E06 /* StoreViewController.h */,
				D906925515F5379E00224E06 /* StoreViewController.m */,
				D948ADE315F3AFA7009D3A15 /* SongsViewController.h */,
				D948ADE415F3AFA7009D3A15 /* SongsViewController.m */,
				D906922315F50B6200224E06 /* PlayerViewController.h */,
				D906922415F50B6200224E06 /* PlayerViewController.m */,
				D932518715F965960087EFCD /* TempoViewController.h */,
				D932518815F965970087EFCD /* TempoViewController.m */,
			);
			name = Controllers;
			sourceTree = "<group>";
		};
		D932517715F6E3630087EFCD /* Views */ = {
			isa = PBXGroup;
			children = (
				D969396015E71E74004136ED /* MainStoryboard_iPhone.storyboard */,
				D932518515F964C70087EFCD /* TempoView.xib */,
			);
			name = Views;
			sourceTree = "<group>";
		};
		D969393F15E71E73004136ED = {
			isa = PBXGroup;
			children = (
				D932517015F6E0370087EFCD /* libz.dylib */,
				D932516E15F6DFED0087EFCD /* MobileCoreServices.framework */,
				D932516C15F6DFE40087EFCD /* SystemConfiguration.framework */,
				D932516A15F6DFD70087EFCD /* CFNetwork.framework */,
				D906922615F50D5300224E06 /* AVFoundation.framework */,
				D9CB445D15EE58C000536A49 /* CoreData.framework */,
				D969395415E71E74004136ED /* PracticeApp */,
				D969397815E71E74004136ED /* PracticeAppTests */,
				D969394D15E71E74004136ED /* Frameworks */,
				D969394B15E71E74004136ED /* Products */,
			);
			sourceTree = "<group>";
		};
		D969394B15E71E74004136ED /* Products */ = {
			isa = PBXGroup;
			children = (
				D969394A15E71E74004136ED /* PracticeApp.app */,
				D969397115E71E74004136ED /* PracticeAppTests.octest */,
			);
			name = Products;
			sourceTree = "<group>";
		};
		D969394D15E71E74004136ED /* Frameworks */ = {
			isa = PBXGroup;
			children = (
				D969394E15E71E74004136ED /* UIKit.framework */,
				D969395015E71E74004136ED /* Foundation.framework */,
				D969395215E71E74004136ED /* CoreGraphics.framework */,
				D969397215E71E74004136ED /* SenTestingKit.framework */,
			);
			name = Frameworks;
			sourceTree = "<group>";
		};
		D969395415E71E74004136ED /* PracticeApp */ = {
			isa = PBXGroup;
			children = (
				D932517515F6E2D00087EFCD /* App */,
				D932517315F6E1700087EFCD /* Vendor */,
				D969395D15E71E74004136ED /* AppDelegate.h */,
				D969395E15E71E74004136ED /* AppDelegate.m */,
				D906921F15F4F81500224E06 /* AudioPlayback.h */,
				D906922015F4F81500224E06 /* AudioPlayback.m */,
				D906921415F41DC900224E06 /* notes.rtf */,
				D969395515E71E74004136ED /* Supporting Files */,
			);
			path = PracticeApp;
			sourceTree = "<group>";
		};
		D969395515E71E74004136ED /* Supporting Files */ = {
			isa = PBXGroup;
			children = (
				D969399115E72BF0004136ED /* beaumont.aiff */,
				D969398F15E72BE2004136ED /* beaumont-50.aiff */,
				D969395615E71E74004136ED /* PracticeApp-Info.plist */,
				D969395715E71E74004136ED /* InfoPlist.strings */,
				D969395A15E71E74004136ED /* main.m */,
				D969395C15E71E74004136ED /* PracticeApp-Prefix.pch */,
			);
			name = "Supporting Files";
			sourceTree = "<group>";
		};
		D969397815E71E74004136ED /* PracticeAppTests */ = {
			isa = PBXGroup;
			children = (
				D969397E15E71E74004136ED /* PracticeAppTests.h */,
				D969397F15E71E74004136ED /* PracticeAppTests.m */,
				D969397915E71E74004136ED /* Supporting Files */,
			);
			path = PracticeAppTests;
			sourceTree = "<group>";
		};
		D969397915E71E74004136ED /* Supporting Files */ = {
			isa = PBXGroup;
			children = (
				D969397A15E71E74004136ED /* PracticeAppTests-Info.plist */,
				D969397B15E71E74004136ED /* InfoPlist.strings */,
			);
			name = "Supporting Files";
			sourceTree = "<group>";
		};
/* End PBXGroup section */

/* Begin PBXNativeTarget section */
		D969394915E71E73004136ED /* PracticeApp */ = {
			isa = PBXNativeTarget;
			buildConfigurationList = D969398315E71E74004136ED /* Build configuration list for PBXNativeTarget "PracticeApp" */;
			buildPhases = (
				D969394615E71E73004136ED /* Sources */,
				D969394715E71E73004136ED /* Frameworks */,
				D969394815E71E73004136ED /* Resources */,
			);
			buildRules = (
			);
			dependencies = (
			);
			name = PracticeApp;
			productName = PracticeApp;
			productReference = D969394A15E71E74004136ED /* PracticeApp.app */;
			productType = "com.apple.product-type.application";
		};
		D969397015E71E74004136ED /* PracticeAppTests */ = {
			isa = PBXNativeTarget;
			buildConfigurationList = D969398615E71E74004136ED /* Build configuration list for PBXNativeTarget "PracticeAppTests" */;
			buildPhases = (
				D969396C15E71E74004136ED /* Sources */,
				D969396D15E71E74004136ED /* Frameworks */,
				D969396E15E71E74004136ED /* Resources */,
				D969396F15E71E74004136ED /* ShellScript */,
			);
			buildRules = (
			);
			dependencies = (
				D969397715E71E74004136ED /* PBXTargetDependency */,
			);
			name = PracticeAppTests;
			productName = PracticeAppTests;
			productReference = D969397115E71E74004136ED /* PracticeAppTests.octest */;
			productType = "com.apple.product-type.bundle";
		};
/* End PBXNativeTarget section */

/* Begin PBXProject section */
		D969394115E71E73004136ED /* Project object */ = {
			isa = PBXProject;
			attributes = {
				LastUpgradeCheck = 0420;
				ORGANIZATIONNAME = "Justin Camerer";
			};
			buildConfigurationList = D969394415E71E73004136ED /* Build configuration list for PBXProject "PracticeApp" */;
			compatibilityVersion = "Xcode 3.2";
			developmentRegion = English;
			hasScannedForEncodings = 0;
			knownRegions = (
				en,
			);
			mainGroup = D969393F15E71E73004136ED;
			productRefGroup = D969394B15E71E74004136ED /* Products */;
			projectDirPath = "";
			projectRoot = "";
			targets = (
				D969394915E71E73004136ED /* PracticeApp */,
				D969397015E71E74004136ED /* PracticeAppTests */,
			);
		};
/* End PBXProject section */

/* Begin PBXResourcesBuildPhase section */
		D969394815E71E73004136ED /* Resources */ = {
			isa = PBXResourcesBuildPhase;
			buildActionMask = 2147483647;
			files = (
				D969395915E71E74004136ED /* InfoPlist.strings in Resources */,
				D969396215E71E74004136ED /* MainStoryboard_iPhone.storyboard in Resources */,
				D969399015E72BE2004136ED /* beaumont-50.aiff in Resources */,
				D969399215E72BF0004136ED /* beaumont.aiff in Resources */,
				D906921515F41DC900224E06 /* notes.rtf in Resources */,
				D932518615F964C70087EFCD /* TempoView.xib in Resources */,
			);
			runOnlyForDeploymentPostprocessing = 0;
		};
		D969396E15E71E74004136ED /* Resources */ = {
			isa = PBXResourcesBuildPhase;
			buildActionMask = 2147483647;
			files = (
				D969397D15E71E74004136ED /* InfoPlist.strings in Resources */,
			);
			runOnlyForDeploymentPostprocessing = 0;
		};
/* End PBXResourcesBuildPhase section */

/* Begin PBXShellScriptBuildPhase section */
		D969396F15E71E74004136ED /* ShellScript */ = {
			isa = PBXShellScriptBuildPhase;
			buildActionMask = 2147483647;
			files = (
			);
			inputPaths = (
			);
			outputPaths = (
			);
			runOnlyForDeploymentPostprocessing = 0;
			shellPath = /bin/sh;
			shellScript = "# Run the unit tests in this test bundle.\n\"${SYSTEM_DEVELOPER_DIR}/Tools/RunUnitTests\"\n";
		};
/* End PBXShellScriptBuildPhase section */

/* Begin PBXSourcesBuildPhase section */
		D969394615E71E73004136ED /* Sources */ = {
			isa = PBXSourcesBuildPhase;
			buildActionMask = 2147483647;
			files = (
				D969395B15E71E74004136ED /* main.m in Sources */,
				D969395F15E71E74004136ED /* AppDelegate.m in Sources */,
				D9CB445B15ED7B0200536A49 /* Song.xcdatamodeld in Sources */,
				D948ADE515F3AFA7009D3A15 /* SongsViewController.m in Sources */,
				D948ADE915F3B2A9009D3A15 /* Song.m in Sources */,
				D906922115F4F81500224E06 /* AudioPlayback.m in Sources */,
				D906922515F50B6200224E06 /* PlayerViewController.m in Sources */,
				D906924215F52D8C00224E06 /* NSObject+SBJson.m in Sources */,
				D906924315F52D8C00224E06 /* SBJsonParser.m in Sources */,
				D906924415F52D8C00224E06 /* SBJsonStreamParser.m in Sources */,
				D906924515F52D8C00224E06 /* SBJsonStreamParserAccumulator.m in Sources */,
				D906924615F52D8C00224E06 /* SBJsonStreamParserAdapter.m in Sources */,
				D906924715F52D8C00224E06 /* SBJsonStreamParserState.m in Sources */,
				D906924815F52D8C00224E06 /* SBJsonStreamWriter.m in Sources */,
				D906924915F52D8C00224E06 /* SBJsonStreamWriterAccumulator.m in Sources */,
				D906924A15F52D8C00224E06 /* SBJsonStreamWriterState.m in Sources */,
				D906924B15F52D8C00224E06 /* SBJsonTokeniser.m in Sources */,
				D906924C15F52D8C00224E06 /* SBJsonUTF8Stream.m in Sources */,
				D906924D15F52D8C00224E06 /* SBJsonWriter.m in Sources */,
				D906925315F5322D00224E06 /* RemoteSongCollection.m in Sources */,
				D906925615F5379E00224E06 /* StoreViewController.m in Sources */,
				D906925915F5603000224E06 /* StoreCell.m in Sources */,
				D906925C15F56DB000224E06 /* Tempo.m in Sources */,
				D932516115F6DFAA0087EFCD /* ASIAuthenticationDialog.m in Sources */,
				D932516215F6DFAA0087EFCD /* ASIDataCompressor.m in Sources */,
				D932516315F6DFAA0087EFCD /* ASIDataDecompressor.m in Sources */,
				D932516415F6DFAA0087EFCD /* ASIDownloadCache.m in Sources */,
				D932516515F6DFAA0087EFCD /* ASIFormDataRequest.m in Sources */,
				D932516615F6DFAA0087EFCD /* ASIHTTPRequest.m in Sources */,
				D932516715F6DFAA0087EFCD /* ASIInputStream.m in Sources */,
				D932516815F6DFAA0087EFCD /* ASINetworkQueue.m in Sources */,
				D932516915F6DFAA0087EFCD /* Reachability.m in Sources */,
				D932517A15F6E43A0087EFCD /* RemoteSong.m in Sources */,
				D932517D15F6E9BF0087EFCD /* RemoteTempo.m in Sources */,
				D932518015F842A80087EFCD /* SongCell.m in Sources */,
				D932518915F965970087EFCD /* TempoViewController.m in Sources */,
			);
			runOnlyForDeploymentPostprocessing = 0;
		};
		D969396C15E71E74004136ED /* Sources */ = {
			isa = PBXSourcesBuildPhase;
			buildActionMask = 2147483647;
			files = (
				D969398015E71E74004136ED /* PracticeAppTests.m in Sources */,
			);
			runOnlyForDeploymentPostprocessing = 0;
		};
/* End PBXSourcesBuildPhase section */

/* Begin PBXTargetDependency section */
		D969397715E71E74004136ED /* PBXTargetDependency */ = {
			isa = PBXTargetDependency;
			target = D969394915E71E73004136ED /* PracticeApp */;
			targetProxy = D969397615E71E74004136ED /* PBXContainerItemProxy */;
		};
/* End PBXTargetDependency section */

/* Begin PBXVariantGroup section */
		D969395715E71E74004136ED /* InfoPlist.strings */ = {
			isa = PBXVariantGroup;
			children = (
				D969395815E71E74004136ED /* en */,
			);
			name = InfoPlist.strings;
			sourceTree = "<group>";
		};
		D969396015E71E74004136ED /* MainStoryboard_iPhone.storyboard */ = {
			isa = PBXVariantGroup;
			children = (
				D969396115E71E74004136ED /* en */,
			);
			name = MainStoryboard_iPhone.storyboard;
			sourceTree = "<group>";
		};
		D969397B15E71E74004136ED /* InfoPlist.strings */ = {
			isa = PBXVariantGroup;
			children = (
				D969397C15E71E74004136ED /* en */,
			);
			name = InfoPlist.strings;
			sourceTree = "<group>";
		};
/* End PBXVariantGroup section */

/* Begin XCBuildConfiguration section */
		D969398115E71E74004136ED /* Debug */ = {
			isa = XCBuildConfiguration;
			buildSettings = {
				ALWAYS_SEARCH_USER_PATHS = NO;
				ARCHS = "$(ARCHS_STANDARD_32_BIT)";
				CLANG_ENABLE_OBJC_ARC = YES;
				"CODE_SIGN_IDENTITY[sdk=iphoneos*]" = "iPhone Developer";
				COPY_PHASE_STRIP = NO;
				GCC_C_LANGUAGE_STANDARD = gnu99;
				GCC_DYNAMIC_NO_PIC = NO;
				GCC_OPTIMIZATION_LEVEL = 0;
				GCC_PREPROCESSOR_DEFINITIONS = (
					"DEBUG=1",
					"$(inherited)",
				);
				GCC_SYMBOLS_PRIVATE_EXTERN = NO;
				GCC_VERSION = com.apple.compilers.llvm.clang.1_0;
				GCC_WARN_ABOUT_MISSING_PROTOTYPES = YES;
				GCC_WARN_ABOUT_RETURN_TYPE = YES;
				GCC_WARN_UNUSED_VARIABLE = YES;
				IPHONEOS_DEPLOYMENT_TARGET = 5.0;
				SDKROOT = iphoneos;
				TARGETED_DEVICE_FAMILY = "1,2";
			};
			name = Debug;
		};
		D969398215E71E74004136ED /* Release */ = {
			isa = XCBuildConfiguration;
			buildSettings = {
				ALWAYS_SEARCH_USER_PATHS = NO;
				ARCHS = "$(ARCHS_STANDARD_32_BIT)";
				CLANG_ENABLE_OBJC_ARC = YES;
				"CODE_SIGN_IDENTITY[sdk=iphoneos*]" = "iPhone Developer";
				COPY_PHASE_STRIP = YES;
				GCC_C_LANGUAGE_STANDARD = gnu99;
				GCC_VERSION = com.apple.compilers.llvm.clang.1_0;
				GCC_WARN_ABOUT_MISSING_PROTOTYPES = YES;
				GCC_WARN_ABOUT_RETURN_TYPE = YES;
				GCC_WARN_UNUSED_VARIABLE = YES;
				IPHONEOS_DEPLOYMENT_TARGET = 5.0;
				OTHER_CFLAGS = "-DNS_BLOCK_ASSERTIONS=1";
				SDKROOT = iphoneos;
				TARGETED_DEVICE_FAMILY = "1,2";
				VALIDATE_PRODUCT = YES;
			};
			name = Release;
		};
		D969398415E71E74004136ED /* Debug */ = {
			isa = XCBuildConfiguration;
			buildSettings = {
				GCC_PRECOMPILE_PREFIX_HEADER = YES;
				GCC_PREFIX_HEADER = "PracticeApp/PracticeApp-Prefix.pch";
				INFOPLIST_FILE = "PracticeApp/PracticeApp-Info.plist";
				PRODUCT_NAME = "$(TARGET_NAME)";
				WRAPPER_EXTENSION = app;
			};
			name = Debug;
		};
		D969398515E71E74004136ED /* Release */ = {
			isa = XCBuildConfiguration;
			buildSettings = {
				GCC_PRECOMPILE_PREFIX_HEADER = YES;
				GCC_PREFIX_HEADER = "PracticeApp/PracticeApp-Prefix.pch";
				INFOPLIST_FILE = "PracticeApp/PracticeApp-Info.plist";
				PRODUCT_NAME = "$(TARGET_NAME)";
				WRAPPER_EXTENSION = app;
			};
			name = Release;
		};
		D969398715E71E74004136ED /* Debug */ = {
			isa = XCBuildConfiguration;
			buildSettings = {
				BUNDLE_LOADER = "$(BUILT_PRODUCTS_DIR)/PracticeApp.app/PracticeApp";
				FRAMEWORK_SEARCH_PATHS = (
					"$(SDKROOT)/Developer/Library/Frameworks",
					"$(DEVELOPER_LIBRARY_DIR)/Frameworks",
				);
				GCC_PRECOMPILE_PREFIX_HEADER = YES;
				GCC_PREFIX_HEADER = "PracticeApp/PracticeApp-Prefix.pch";
				INFOPLIST_FILE = "PracticeAppTests/PracticeAppTests-Info.plist";
				PRODUCT_NAME = "$(TARGET_NAME)";
				TEST_HOST = "$(BUNDLE_LOADER)";
				WRAPPER_EXTENSION = octest;
			};
			name = Debug;
		};
		D969398815E71E74004136ED /* Release */ = {
			isa = XCBuildConfiguration;
			buildSettings = {
				BUNDLE_LOADER = "$(BUILT_PRODUCTS_DIR)/PracticeApp.app/PracticeApp";
				FRAMEWORK_SEARCH_PATHS = (
					"$(SDKROOT)/Developer/Library/Frameworks",
					"$(DEVELOPER_LIBRARY_DIR)/Frameworks",
				);
				GCC_PRECOMPILE_PREFIX_HEADER = YES;
				GCC_PREFIX_HEADER = "PracticeApp/PracticeApp-Prefix.pch";
				INFOPLIST_FILE = "PracticeAppTests/PracticeAppTests-Info.plist";
				PRODUCT_NAME = "$(TARGET_NAME)";
				TEST_HOST = "$(BUNDLE_LOADER)";
				WRAPPER_EXTENSION = octest;
			};
			name = Release;
		};
/* End XCBuildConfiguration section */

/* Begin XCConfigurationList section */
		D969394415E71E73004136ED /* Build configuration list for PBXProject "PracticeApp" */ = {
			isa = XCConfigurationList;
			buildConfigurations = (
				D969398115E71E74004136ED /* Debug */,
				D969398215E71E74004136ED /* Release */,
			);
			defaultConfigurationIsVisible = 0;
			defaultConfigurationName = Release;
		};
		D969398315E71E74004136ED /* Build configuration list for PBXNativeTarget "PracticeApp" */ = {
			isa = XCConfigurationList;
			buildConfigurations = (
				D969398415E71E74004136ED /* Debug */,
				D969398515E71E74004136ED /* Release */,
			);
			defaultConfigurationIsVisible = 0;
			defaultConfigurationName = Release;
		};
		D969398615E71E74004136ED /* Build configuration list for PBXNativeTarget "PracticeAppTests" */ = {
			isa = XCConfigurationList;
			buildConfigurations = (
				D969398715E71E74004136ED /* Debug */,
				D969398815E71E74004136ED /* Release */,
			);
			defaultConfigurationIsVisible = 0;
			defaultConfigurationName = Release;
		};
/* End XCConfigurationList section */

/* Begin XCVersionGroup section */
		D9CB445915ED7B0200536A49 /* Song.xcdatamodeld */ = {
			isa = XCVersionGroup;
			children = (
				D9CB445A15ED7B0200536A49 /* Song.xcdatamodel */,
			);
			currentVersion = D9CB445A15ED7B0200536A49 /* Song.xcdatamodel */;
			path = Song.xcdatamodeld;
			sourceTree = "<group>";
			versionGroupType = wrapper.xcdatamodel;
		};
/* End XCVersionGroup section */
	};
	rootObject = D969394115E71E73004136ED /* Project object */;
}
